
Microsoft Visual Studio Solution File, Format Version 12.00
# Visual Studio Version 16
VisualStudioVersion = 16.0.29306.81
MinimumVisualStudioVersion = 10.0.40219.1
Project("{FAE04EC0-301F-11D3-BF4B-00C04F79EFBC}") = "ArduinoBluetoothTest", "ArduinoBluetoothTest\ArduinoBluetoothTest.csproj", "{F2B72660-F016-4995-909C-B80E46CAA379}"
EndProject
Global
	GlobalSection(SolutionConfigurationPlatforms) = preSolution
		Debug|Any CPU = Debug|Any CPU
		Release|Any CPU = Release|Any CPU
	EndGlobalSection
	GlobalSection(ProjectConfigurationPlatforms) = postSolution
		{F2B72660-F016-4995-909C-B80E46CAA379}.Debug|Any CPU.ActiveCfg = Debug|Any CPU
		{F2B72660-F016-4995-909C-B80E46CAA379}.Debug|Any CPU.Build.0 = Debug|Any CPU
		{F2B72660-F016-4995-909C-B80E46CAA379}.Release|Any CPU.ActiveCfg = Release|Any CPU
		{F2B72660-F016-4995-909C-B80E46CAA379}.Release|Any CPU.Build.0 = Release|Any CPU
	EndGlobalSection
	GlobalSection(SolutionProperties) = preSolution
		HideSolutionNode = FALSE
	EndGlobalSection
	GlobalSection(ExtensibilityGlobals) = postSolution
		SolutionGuid = {73D4133D-793C-4853-AEA9-1F27F6968CCC}
	EndGlobalSection
EndGlobal
